
Microsoft Visual Studio Solution File, Format Version 12.00
# Visual Studio Version 17
VisualStudioVersion = 17.9.34616.47
MinimumVisualStudioVersion = 10.0.40219.1
Project("{FAE04EC0-301F-11D3-BF4B-00C04F79EFBC}") = "razklashtane", "razklashtane\razklashtane.csproj", "{D407708C-975D-4890-A0AD-38B320F450EA}"
EndProject
Project("{FAE04EC0-301F-11D3-BF4B-00C04F79EFBC}") = "SKRIVALISHTE", "SKRIVALISHTE\SKRIVALISHTE.csproj", "{844BBC73-DBBF-4780-A248-9A278C7CAFDA}"
EndProject
Global
	GlobalSection(SolutionConfigurationPlatforms) = preSolution
		Debug|Any CPU = Debug|Any CPU
		Release|Any CPU = Release|Any CPU
	EndGlobalSection
	GlobalSection(ProjectConfigurationPlatforms) = postSolution
		{D407708C-975D-4890-A0AD-38B320F450EA}.Debug|Any CPU.ActiveCfg = Debug|Any CPU
		{D407708C-975D-4890-A0AD-38B320F450EA}.Debug|Any CPU.Build.0 = Debug|Any CPU
		{D407708C-975D-4890-A0AD-38B320F450EA}.Release|Any CPU.ActiveCfg = Release|Any CPU
		{D407708C-975D-4890-A0AD-38B320F450EA}.Release|Any CPU.Build.0 = Release|Any CPU
		{844BBC73-DBBF-4780-A248-9A278C7CAFDA}.Debug|Any CPU.ActiveCfg = Debug|Any CPU
		{844BBC73-DBBF-4780-A248-9A278C7CAFDA}.Debug|Any CPU.Build.0 = Debug|Any CPU
		{844BBC73-DBBF-4780-A248-9A278C7CAFDA}.Release|Any CPU.ActiveCfg = Release|Any CPU
		{844BBC73-DBBF-4780-A248-9A278C7CAFDA}.Release|Any CPU.Build.0 = Release|Any CPU
	EndGlobalSection
	GlobalSection(SolutionProperties) = preSolution
		HideSolutionNode = FALSE
	EndGlobalSection
	GlobalSection(ExtensibilityGlobals) = postSolution
		SolutionGuid = {19E37C1C-EB0A-48A5-9C6C-4FC90C8BD02B}
	EndGlobalSection
EndGlobal
